
Microsoft Visual Studio Solution File, Format Version 12.00
# Visual Studio Version 16
VisualStudioVersion = 16.0.29503.13
MinimumVisualStudioVersion = 10.0.40219.1
Project("{FAE04EC0-301F-11D3-BF4B-00C04F79EFBC}") = "PWApp", "PWApp\PWApp.csproj", "{2C602662-CB1C-4FA6-950E-42D8FE86596B}"
EndProject
Global
	GlobalSection(SolutionConfigurationPlatforms) = preSolution
		Debug|Any CPU = Debug|Any CPU
		Release|Any CPU = Release|Any CPU
	EndGlobalSection
	GlobalSection(ProjectConfigurationPlatforms) = postSolution
		{2C602662-CB1C-4FA6-950E-42D8FE86596B}.Debug|Any CPU.ActiveCfg = Debug|Any CPU
		{2C602662-CB1C-4FA6-950E-42D8FE86596B}.Debug|Any CPU.Build.0 = Debug|Any CPU
		{2C602662-CB1C-4FA6-950E-42D8FE86596B}.Release|Any CPU.ActiveCfg = Release|Any CPU
		{2C602662-CB1C-4FA6-950E-42D8FE86596B}.Release|Any CPU.Build.0 = Release|Any CPU
	EndGlobalSection
	GlobalSection(SolutionProperties) = preSolution
		HideSolutionNode = FALSE
	EndGlobalSection
	GlobalSection(ExtensibilityGlobals) = postSolution
		SolutionGuid = {801F3083-E275-4E85-BB57-38458DABED53}
	EndGlobalSection
EndGlobal
